
Microsoft Visual Studio Solution File, Format Version 12.00
# Visual Studio Version 17
VisualStudioVersion = 17.8.34511.84
MinimumVisualStudioVersion = 10.0.40219.1
Project("{FAE04EC0-301F-11D3-BF4B-00C04F79EFBC}") = "API", "API\API.csproj", "{646C67BF-4930-49E6-8FAF-1E109DFEB855}"
EndProject
Project("{FAE04EC0-301F-11D3-BF4B-00C04F79EFBC}") = "API.Tests", "API.Tests\API.Tests.csproj", "{A3EFFBF8-933B-4C67-94C6-42E743FFFF13}"
EndProject
Global
	GlobalSection(SolutionConfigurationPlatforms) = preSolution
		Debug|Any CPU = Debug|Any CPU
		Release|Any CPU = Release|Any CPU
	EndGlobalSection
	GlobalSection(ProjectConfigurationPlatforms) = postSolution
		{646C67BF-4930-49E6-8FAF-1E109DFEB855}.Debug|Any CPU.ActiveCfg = Debug|Any CPU
		{646C67BF-4930-49E6-8FAF-1E109DFEB855}.Debug|Any CPU.Build.0 = Debug|Any CPU
		{646C67BF-4930-49E6-8FAF-1E109DFEB855}.Release|Any CPU.ActiveCfg = Release|Any CPU
		{646C67BF-4930-49E6-8FAF-1E109DFEB855}.Release|Any CPU.Build.0 = Release|Any CPU
		{A3EFFBF8-933B-4C67-94C6-42E743FFFF13}.Debug|Any CPU.ActiveCfg = Debug|Any CPU
		{A3EFFBF8-933B-4C67-94C6-42E743FFFF13}.Debug|Any CPU.Build.0 = Debug|Any CPU
		{A3EFFBF8-933B-4C67-94C6-42E743FFFF13}.Release|Any CPU.ActiveCfg = Release|Any CPU
		{A3EFFBF8-933B-4C67-94C6-42E743FFFF13}.Release|Any CPU.Build.0 = Release|Any CPU
	EndGlobalSection
	GlobalSection(SolutionProperties) = preSolution
		HideSolutionNode = FALSE
	EndGlobalSection
	GlobalSection(ExtensibilityGlobals) = postSolution
		SolutionGuid = {57C32DAA-5924-4DCC-89BF-A03FA42E53C9}
	EndGlobalSection
EndGlobal
